
Microsoft Visual Studio Solution File, Format Version 12.00
# Visual Studio 14
VisualStudioVersion = 14.0.25123.0
MinimumVisualStudioVersion = 10.0.40219.1
Project("{FAE04EC0-301F-11D3-BF4B-00C04F79EFBC}") = "ClassLibrary", "ClassLibrary\ClassLibrary.csproj", "{DD192A4B-EDAF-4999-8597-124460A0466C}"
EndProject
Project("{FAE04EC0-301F-11D3-BF4B-00C04F79EFBC}") = "ConsoleApplication", "ConsoleApplication\ConsoleApplication.csproj", "{36E337D0-40B5-4498-9DD1-90CFC8403BBB}"
EndProject
Global
	GlobalSection(SolutionConfigurationPlatforms) = preSolution
		Debug|Any CPU = Debug|Any CPU
		Release|Any CPU = Release|Any CPU
	EndGlobalSection
	GlobalSection(ProjectConfigurationPlatforms) = postSolution
		{DD192A4B-EDAF-4999-8597-124460A0466C}.Debug|Any CPU.ActiveCfg = Debug|Any CPU
		{DD192A4B-EDAF-4999-8597-124460A0466C}.Debug|Any CPU.Build.0 = Debug|Any CPU
		{DD192A4B-EDAF-4999-8597-124460A0466C}.Release|Any CPU.ActiveCfg = Release|Any CPU
		{DD192A4B-EDAF-4999-8597-124460A0466C}.Release|Any CPU.Build.0 = Release|Any CPU
		{36E337D0-40B5-4498-9DD1-90CFC8403BBB}.Debug|Any CPU.ActiveCfg = Debug|Any CPU
		{36E337D0-40B5-4498-9DD1-90CFC8403BBB}.Debug|Any CPU.Build.0 = Debug|Any CPU
		{36E337D0-40B5-4498-9DD1-90CFC8403BBB}.Release|Any CPU.ActiveCfg = Release|Any CPU
		{36E337D0-40B5-4498-9DD1-90CFC8403BBB}.Release|Any CPU.Build.0 = Release|Any CPU
	EndGlobalSection
	GlobalSection(SolutionProperties) = preSolution
		HideSolutionNode = FALSE
	EndGlobalSection
EndGlobal
